
Microsoft Visual Studio Solution File, Format Version 12.00
# Visual Studio Version 17
VisualStudioVersion = 17.14.36930.0 d17.14
MinimumVisualStudioVersion = 10.0.40219.1
Project("{FAE04EC0-301F-11D3-BF4B-00C04F79EFBC}") = "DLMS.Domain", "DLMS.Domain\DLMS.Domain.csproj", "{7FF06144-7D74-444C-B5A6-76F11A5B2B67}"
EndProject
Project("{FAE04EC0-301F-11D3-BF4B-00C04F79EFBC}") = "DLMS.Application", "DLMS.Application\DLMS.Application.csproj", "{8F9746C7-BECD-4C36-8778-AD27E5B5AD70}"
EndProject
Project("{FAE04EC0-301F-11D3-BF4B-00C04F79EFBC}") = "DLMS.Infrastructure", "DLMS.Infrastructure\DLMS.Infrastructure.csproj", "{6655A314-F1F8-48F5-819C-D67E11F07371}"
EndProject
Project("{FAE04EC0-301F-11D3-BF4B-00C04F79EFBC}") = "DLMS.API", "DLMS.API\DLMS.API.csproj", "{5B68F69E-8DFF-40A4-951E-DA06E11FBFA8}"
EndProject
Global
	GlobalSection(SolutionConfigurationPlatforms) = preSolution
		Debug|Any CPU = Debug|Any CPU
		Release|Any CPU = Release|Any CPU
	EndGlobalSection
	GlobalSection(ProjectConfigurationPlatforms) = postSolution
		{7FF06144-7D74-444C-B5A6-76F11A5B2B67}.Debug|Any CPU.ActiveCfg = Debug|Any CPU
		{7FF06144-7D74-444C-B5A6-76F11A5B2B67}.Debug|Any CPU.Build.0 = Debug|Any CPU
		{7FF06144-7D74-444C-B5A6-76F11A5B2B67}.Release|Any CPU.ActiveCfg = Release|Any CPU
		{7FF06144-7D74-444C-B5A6-76F11A5B2B67}.Release|Any CPU.Build.0 = Release|Any CPU
		{8F9746C7-BECD-4C36-8778-AD27E5B5AD70}.Debug|Any CPU.ActiveCfg = Debug|Any CPU
		{8F9746C7-BECD-4C36-8778-AD27E5B5AD70}.Debug|Any CPU.Build.0 = Debug|Any CPU
		{8F9746C7-BECD-4C36-8778-AD27E5B5AD70}.Release|Any CPU.ActiveCfg = Release|Any CPU
		{8F9746C7-BECD-4C36-8778-AD27E5B5AD70}.Release|Any CPU.Build.0 = Release|Any CPU
		{6655A314-F1F8-48F5-819C-D67E11F07371}.Debug|Any CPU.ActiveCfg = Debug|Any CPU
		{6655A314-F1F8-48F5-819C-D67E11F07371}.Debug|Any CPU.Build.0 = Debug|Any CPU
		{6655A314-F1F8-48F5-819C-D67E11F07371}.Release|Any CPU.ActiveCfg = Release|Any CPU
		{6655A314-F1F8-48F5-819C-D67E11F07371}.Release|Any CPU.Build.0 = Release|Any CPU
		{5B68F69E-8DFF-40A4-951E-DA06E11FBFA8}.Debug|Any CPU.ActiveCfg = Debug|Any CPU
		{5B68F69E-8DFF-40A4-951E-DA06E11FBFA8}.Debug|Any CPU.Build.0 = Debug|Any CPU
		{5B68F69E-8DFF-40A4-951E-DA06E11FBFA8}.Release|Any CPU.ActiveCfg = Release|Any CPU
		{5B68F69E-8DFF-40A4-951E-DA06E11FBFA8}.Release|Any CPU.Build.0 = Release|Any CPU
	EndGlobalSection
	GlobalSection(SolutionProperties) = preSolution
		HideSolutionNode = FALSE
	EndGlobalSection
	GlobalSection(ExtensibilityGlobals) = postSolution
		SolutionGuid = {3DD95776-815B-48CF-B344-DB0500A3D055}
	EndGlobalSection
EndGlobal
